// !$*UTF8*$!
{
	archiveVersion = 1;
	classes = {
	};
	objectVersion = 77;
	objects = {

/* Begin PBXContainerItemProxy section */
		CC7A02392E4C26B500E9C6EE /* PBXContainerItemProxy */ = {
			isa = PBXContainerItemProxy;
			containerPortal = CC7A02212E4C26B300E9C6EE /* Project object */;
			proxyType = 1;
			remoteGlobalIDString = CC7A02282E4C26B300E9C6EE;
			remoteInfo = challenge4;
		};
		CC7A02432E4C26B500E9C6EE /* PBXContainerItemProxy */ = {
			isa = PBXContainerItemProxy;
			containerPortal = CC7A02212E4C26B300E9C6EE /* Project object */;
			proxyType = 1;
			remoteGlobalIDString = CC7A02282E4C26B300E9C6EE;
			remoteInfo = challenge4;
		};
/* End PBXContainerItemProxy section */

/* Begin PBXFileReference section */
		CC7A02292E4C26B300E9C6EE /* challenge4.app */ = {isa = PBXFileReference; explicitFileType = wrapper.application; includeInIndex = 0; path = challenge4.app; sourceTree = BUILT_PRODUCTS_DIR; };
		CC7A02382E4C26B500E9C6EE /* challenge4Tests.xctest */ = {isa = PBXFileReference; explicitFileType = wrapper.cfbundle; includeInIndex = 0; path = challenge4Tests.xctest; sourceTree = BUILT_PRODUCTS_DIR; };
		CC7A02422E4C26B500E9C6EE /* challenge4UITests.xctest */ = {isa = PBXFileReference; explicitFileType = wrapper.cfbundle; includeInIndex = 0; path = challenge4UITests.xctest; sourceTree = BUILT_PRODUCTS_DIR; };
/* End PBXFileReference section */

/* Begin PBXFileSystemSynchronizedRootGroup section */
		CC7A022B2E4C26B300E9C6EE /* challenge4 */ = {
			isa = PBXFileSystemSynchronizedRootGroup;
			path = challenge4;
			sourceTree = "<group>";
		};
		CC7A023B2E4C26B500E9C6EE /* challenge4Tests */ = {
			isa = PBXFileSystemSynchronizedRootGroup;
			path = challenge4Tests;
			sourceTree = "<group>";
		};
		CC7A02452E4C26B500E9C6EE /* challenge4UITests */ = {
			isa = PBXFileSystemSynchronizedRootGroup;
			path = challenge4UITests;
			sourceTree = "<group>";
		};
/* End PBXFileSystemSynchronizedRootGroup section */

/* Begin PBXFrameworksBuildPhase section */
		CC7A02262E4C26B300E9C6EE /* Frameworks */ = {
			isa = PBXFrameworksBuildPhase;
			buildActionMask = 2147483647;
			files = (
			);
			runOnlyForDeploymentPostprocessing = 0;
		};
		CC7A02352E4C26B500E9C6EE /* Frameworks */ = {
			isa = PBXFrameworksBuildPhase;
			buildActionMask = 2147483647;
			files = (
			);
			runOnlyForDeploymentPostprocessing = 0;
		};
		CC7A023F2E4C26B500E9C6EE /* Frameworks */ = {
			isa = PBXFrameworksBuildPhase;
			buildActionMask = 2147483647;
			files = (
			);
			runOnlyForDeploymentPostprocessing = 0;
		};
/* End PBXFrameworksBuildPhase section */

/* Begin PBXGroup section */
		CC7A02202E4C26B300E9C6EE = {
			isa = PBXGroup;
			children = (
				CC7A022B2E4C26B300E9C6EE /* challenge4 */,
				CC7A023B2E4C26B500E9C6EE /* challenge4Tests */,
				CC7A02452E4C26B500E9C6EE /* challenge4UITests */,
				CC7A022A2E4C26B300E9C6EE /* Products */,
			);
			sourceTree = "<group>";
		};
		CC7A022A2E4C26B300E9C6EE /* Products */ = {
			isa = PBXGroup;
			children = (
				CC7A02292E4C26B300E9C6EE /* challenge4.app */,
				CC7A02382E4C26B500E9C6EE /* challenge4Tests.xctest */,
				CC7A02422E4C26B500E9C6EE /* challenge4UITests.xctest */,
			);
			name = Products;
			sourceTree = "<group>";
		};
/* End PBXGroup section */

/* Begin PBXNativeTarget section */
		CC7A02282E4C26B300E9C6EE /* challenge4 */ = {
			isa = PBXNativeTarget;
			buildConfigurationList = CC7A024C2E4C26B500E9C6EE /* Build configuration list for PBXNativeTarget "challenge4" */;
			buildPhases = (
				CC7A02252E4C26B300E9C6EE /* Sources */,
				CC7A02262E4C26B300E9C6EE /* Frameworks */,
				CC7A02272E4C26B300E9C6EE /* Resources */,
			);
			buildRules = (
			);
			dependencies = (
			);
			fileSystemSynchronizedGroups = (
				CC7A022B2E4C26B300E9C6EE /* challenge4 */,
			);
			name = challenge4;
			packageProductDependencies = (
			);
			productName = challenge4;
			productReference = CC7A02292E4C26B300E9C6EE /* challenge4.app */;
			productType = "com.apple.product-type.application";
		};
		CC7A02372E4C26B500E9C6EE /* challenge4Tests */ = {
			isa = PBXNativeTarget;
			buildConfigurationList = CC7A024F2E4C26B500E9C6EE /* Build configuration list for PBXNativeTarget "challenge4Tests" */;
			buildPhases = (
				CC7A02342E4C26B500E9C6EE /* Sources */,
				CC7A02352E4C26B500E9C6EE /* Frameworks */,
				CC7A02362E4C26B500E9C6EE /* Resources */,
			);
			buildRules = (
			);
			dependencies = (
				CC7A023A2E4C26B500E9C6EE /* PBXTargetDependency */,
			);
			fileSystemSynchronizedGroups = (
				CC7A023B2E4C26B500E9C6EE /* challenge4Tests */,
			);
			name = challenge4Tests;
			packageProductDependencies = (
			);
			productName = challenge4Tests;
			productReference = CC7A02382E4C26B500E9C6EE /* challenge4Tests.xctest */;
			productType = "com.apple.product-type.bundle.unit-test";
		};
		CC7A02412E4C26B500E9C6EE /* challenge4UITests */ = {
			isa = PBXNativeTarget;
			buildConfigurationList = CC7A02522E4C26B500E9C6EE /* Build configuration list for PBXNativeTarget "challenge4UITests" */;
			buildPhases = (
				CC7A023E2E4C26B500E9C6EE /* Sources */,
				CC7A023F2E4C26B500E9C6EE /* Frameworks */,
				CC7A02402E4C26B500E9C6EE /* Resources */,
			);
			buildRules = (
			);
			dependencies = (
				CC7A02442E4C26B500E9C6EE /* PBXTargetDependency */,
			);
			fileSystemSynchronizedGroups = (
				CC7A02452E4C26B500E9C6EE /* challenge4UITests */,
			);
			name = challenge4UITests;
			packageProductDependencies = (
			);
			productName = challenge4UITests;
			productReference = CC7A02422E4C26B500E9C6EE /* challenge4UITests.xctest */;
			productType = "com.apple.product-type.bundle.ui-testing";
		};
/* End PBXNativeTarget section */

/* Begin PBXProject section */
		CC7A02212E4C26B300E9C6EE /* Project object */ = {
			isa = PBXProject;
			attributes = {
				BuildIndependentTargetsInParallel = 1;
				LastSwiftUpdateCheck = 1640;
				LastUpgradeCheck = 1640;
				TargetAttributes = {
					CC7A02282E4C26B300E9C6EE = {
						CreatedOnToolsVersion = 16.4;
					};
					CC7A02372E4C26B500E9C6EE = {
						CreatedOnToolsVersion = 16.4;
						TestTargetID = CC7A02282E4C26B300E9C6EE;
					};
					CC7A02412E4C26B500E9C6EE = {
						CreatedOnToolsVersion = 16.4;
						TestTargetID = CC7A02282E4C26B300E9C6EE;
					};
				};
			};
			buildConfigurationList = CC7A02242E4C26B300E9C6EE /* Build configuration list for PBXProject "challenge4" */;
			developmentRegion = en;
			hasScannedForEncodings = 0;
			knownRegions = (
				en,
				Base,
			);
			mainGroup = CC7A02202E4C26B300E9C6EE;
			minimizedProjectReferenceProxies = 1;
			preferredProjectObjectVersion = 77;
			productRefGroup = CC7A022A2E4C26B300E9C6EE /* Products */;
			projectDirPath = "";
			projectRoot = "";
			targets = (
				CC7A02282E4C26B300E9C6EE /* challenge4 */,
				CC7A02372E4C26B500E9C6EE /* challenge4Tests */,
				CC7A02412E4C26B500E9C6EE /* challenge4UITests */,
			);
		};
/* End PBXProject section */

/* Begin PBXResourcesBuildPhase section */
		CC7A02272E4C26B300E9C6EE /* Resources */ = {
			isa = PBXResourcesBuildPhase;
			buildActionMask = 2147483647;
			files = (
			);
			runOnlyForDeploymentPostprocessing = 0;
		};
		CC7A02362E4C26B500E9C6EE /* Resources */ = {
			isa = PBXResourcesBuildPhase;
			buildActionMask = 2147483647;
			files = (
			);
			runOnlyForDeploymentPostprocessing = 0;
		};
		CC7A02402E4C26B500E9C6EE /* Resources */ = {
			isa = PBXResourcesBuildPhase;
			buildActionMask = 2147483647;
			files = (
			);
			runOnlyForDeploymentPostprocessing = 0;
		};
/* End PBXResourcesBuildPhase section */

/* Begin PBXSourcesBuildPhase section */
		CC7A02252E4C26B300E9C6EE /* Sources */ = {
			isa = PBXSourcesBuildPhase;
			buildActionMask = 2147483647;
			files = (
			);
			runOnlyForDeploymentPostprocessing = 0;
		};
		CC7A02342E4C26B500E9C6EE /* Sources */ = {
			isa = PBXSourcesBuildPhase;
			buildActionMask = 2147483647;
			files = (
			);
			runOnlyForDeploymentPostprocessing = 0;
		};
		CC7A023E2E4C26B500E9C6EE /* Sources */ = {
			isa = PBXSourcesBuildPhase;
			buildActionMask = 2147483647;
			files = (
			);
			runOnlyForDeploymentPostprocessing = 0;
		};
/* End PBXSourcesBuildPhase section */

/* Begin PBXTargetDependency section */
		CC7A023A2E4C26B500E9C6EE /* PBXTargetDependency */ = {
			isa = PBXTargetDependency;
			target = CC7A02282E4C26B300E9C6EE /* challenge4 */;
			targetProxy = CC7A02392E4C26B500E9C6EE /* PBXContainerItemProxy */;
		};
		CC7A02442E4C26B500E9C6EE /* PBXTargetDependency */ = {
			isa = PBXTargetDependency;
			target = CC7A02282E4C26B300E9C6EE /* challenge4 */;
			targetProxy = CC7A02432E4C26B500E9C6EE /* PBXContainerItemProxy */;
		};
/* End PBXTargetDependency section */

/* Begin XCBuildConfiguration section */
		CC7A024A2E4C26B500E9C6EE /* Debug */ = {
			isa = XCBuildConfiguration;
			buildSettings = {
				ALWAYS_SEARCH_USER_PATHS = NO;
				ASSETCATALOG_COMPILER_GENERATE_SWIFT_ASSET_SYMBOL_EXTENSIONS = YES;
				CLANG_ANALYZER_NONNULL = YES;
				CLANG_ANALYZER_NUMBER_OBJECT_CONVERSION = YES_AGGRESSIVE;
				CLANG_CXX_LANGUAGE_STANDARD = "gnu++20";
				CLANG_ENABLE_MODULES = YES;
				CLANG_ENABLE_OBJC_ARC = YES;
				CLANG_ENABLE_OBJC_WEAK = YES;
				CLANG_WARN_BLOCK_CAPTURE_AUTORELEASING = YES;
				CLANG_WARN_BOOL_CONVERSION = YES;
				CLANG_WARN_COMMA = YES;
				CLANG_WARN_CONSTANT_CONVERSION = YES;
				CLANG_WARN_DEPRECATED_OBJC_IMPLEMENTATIONS = YES;
				CLANG_WARN_DIRECT_OBJC_ISA_USAGE = YES_ERROR;
				CLANG_WARN_DOCUMENTATION_COMMENTS = YES;
				CLANG_WARN_EMPTY_BODY = YES;
				CLANG_WARN_ENUM_CONVERSION = YES;
				CLANG_WARN_INFINITE_RECURSION = YES;
				CLANG_WARN_INT_CONVERSION = YES;
				CLANG_WARN_NON_LITERAL_NULL_CONVERSION = YES;
				CLANG_WARN_OBJC_IMPLICIT_RETAIN_SELF = YES;
				CLANG_WARN_OBJC_LITERAL_CONVERSION = YES;
				CLANG_WARN_OBJC_ROOT_CLASS = YES_ERROR;
				CLANG_WARN_QUOTED_INCLUDE_IN_FRAMEWORK_HEADER = YES;
				CLANG_WARN_RANGE_LOOP_ANALYSIS = YES;
				CLANG_WARN_STRICT_PROTOTYPES = YES;
				CLANG_WARN_SUSPICIOUS_MOVE = YES;
				CLANG_WARN_UNGUARDED_AVAILABILITY = YES_AGGRESSIVE;
				CLANG_WARN_UNREACHABLE_CODE = YES;
				CLANG_WARN__DUPLICATE_METHOD_MATCH = YES;
				COPY_PHASE_STRIP = NO;
				DEBUG_INFORMATION_FORMAT = dwarf;
				DEVELOPMENT_TEAM = 33J34N23WU;
				ENABLE_STRICT_OBJC_MSGSEND = YES;
				ENABLE_TESTABILITY = YES;
				ENABLE_USER_SCRIPT_SANDBOXING = YES;
				GCC_C_LANGUAGE_STANDARD = gnu17;
				GCC_DYNAMIC_NO_PIC = NO;
				GCC_NO_COMMON_BLOCKS = YES;
				GCC_OPTIMIZATION_LEVEL = 0;
				GCC_PREPROCESSOR_DEFINITIONS = (
					"DEBUG=1",
					"$(inherited)",
				);
				GCC_WARN_64_TO_32_BIT_CONVERSION = YES;
				GCC_WARN_ABOUT_RETURN_TYPE = YES_ERROR;
				GCC_WARN_UNDECLARED_SELECTOR = YES;
				GCC_WARN_UNINITIALIZED_AUTOS = YES_AGGRESSIVE;
				GCC_WARN_UNUSED_FUNCTION = YES;
				GCC_WARN_UNUSED_VARIABLE = YES;
				IPHONEOS_DEPLOYMENT_TARGET = 18.5;
				LOCALIZATION_PREFERS_STRING_CATALOGS = YES;
				MTL_ENABLE_DEBUG_INFO = INCLUDE_SOURCE;
				MTL_FAST_MATH = YES;
				ONLY_ACTIVE_ARCH = YES;
				SDKROOT = iphoneos;
				SWIFT_ACTIVE_COMPILATION_CONDITIONS = "DEBUG $(inherited)";
				SWIFT_OPTIMIZATION_LEVEL = "-Onone";
			};
			name = Debug;
		};
		CC7A024B2E4C26B500E9C6EE /* Release */ = {
			isa = XCBuildConfiguration;
			buildSettings = {
				ALWAYS_SEARCH_USER_PATHS = NO;
				ASSETCATALOG_COMPILER_GENERATE_SWIFT_ASSET_SYMBOL_EXTENSIONS = YES;
				CLANG_ANALYZER_NONNULL = YES;
				CLANG_ANALYZER_NUMBER_OBJECT_CONVERSION = YES_AGGRESSIVE;
				CLANG_CXX_LANGUAGE_STANDARD = "gnu++20";
				CLANG_ENABLE_MODULES = YES;
				CLANG_ENABLE_OBJC_ARC = YES;
				CLANG_ENABLE_OBJC_WEAK = YES;
				CLANG_WARN_BLOCK_CAPTURE_AUTORELEASING = YES;
				CLANG_WARN_BOOL_CONVERSION = YES;
				CLANG_WARN_COMMA = YES;
				CLANG_WARN_CONSTANT_CONVERSION = YES;
				CLANG_WARN_DEPRECATED_OBJC_IMPLEMENTATIONS = YES;
				CLANG_WARN_DIRECT_OBJC_ISA_USAGE = YES_ERROR;
				CLANG_WARN_DOCUMENTATION_COMMENTS = YES;
				CLANG_WARN_EMPTY_BODY = YES;
				CLANG_WARN_ENUM_CONVERSION = YES;
				CLANG_WARN_INFINITE_RECURSION = YES;
				CLANG_WARN_INT_CONVERSION = YES;
				CLANG_WARN_NON_LITERAL_NULL_CONVERSION = YES;
				CLANG_WARN_OBJC_IMPLICIT_RETAIN_SELF = YES;
				CLANG_WARN_OBJC_LITERAL_CONVERSION = YES;
				CLANG_WARN_OBJC_ROOT_CLASS = YES_ERROR;
				CLANG_WARN_QUOTED_INCLUDE_IN_FRAMEWORK_HEADER = YES;
				CLANG_WARN_RANGE_LOOP_ANALYSIS = YES;
				CLANG_WARN_STRICT_PROTOTYPES = YES;
				CLANG_WARN_SUSPICIOUS_MOVE = YES;
				CLANG_WARN_UNGUARDED_AVAILABILITY = YES_AGGRESSIVE;
				CLANG_WARN_UNREACHABLE_CODE = YES;
				CLANG_WARN__DUPLICATE_METHOD_MATCH = YES;
				COPY_PHASE_STRIP = NO;
				DEBUG_INFORMATION_FORMAT = "dwarf-with-dsym";
				DEVELOPMENT_TEAM = 33J34N23WU;
				ENABLE_NS_ASSERTIONS = NO;
				ENABLE_STRICT_OBJC_MSGSEND = YES;
				ENABLE_USER_SCRIPT_SANDBOXING = YES;
				GCC_C_LANGUAGE_STANDARD = gnu17;
				GCC_NO_COMMON_BLOCKS = YES;
				GCC_WARN_64_TO_32_BIT_CONVERSION = YES;
				GCC_WARN_ABOUT_RETURN_TYPE = YES_ERROR;
				GCC_WARN_UNDECLARED_SELECTOR = YES;
				GCC_WARN_UNINITIALIZED_AUTOS = YES_AGGRESSIVE;
				GCC_WARN_UNUSED_FUNCTION = YES;
				GCC_WARN_UNUSED_VARIABLE = YES;
				IPHONEOS_DEPLOYMENT_TARGET = 18.5;
				LOCALIZATION_PREFERS_STRING_CATALOGS = YES;
				MTL_ENABLE_DEBUG_INFO = NO;
				MTL_FAST_MATH = YES;
				SDKROOT = iphoneos;
				SWIFT_COMPILATION_MODE = wholemodule;
				VALIDATE_PRODUCT = YES;
			};
			name = Release;
		};
		CC7A024D2E4C26B500E9C6EE /* Debug */ = {
			isa = XCBuildConfiguration;
			buildSettings = {
				ASSETCATALOG_COMPILER_APPICON_NAME = AppIcon;
				ASSETCATALOG_COMPILER_GLOBAL_ACCENT_COLOR_NAME = AccentColor;
				CODE_SIGN_STYLE = Automatic;
				CURRENT_PROJECT_VERSION = 1;
				DEVELOPMENT_TEAM = 33J34N23WU;
				ENABLE_PREVIEWS = YES;
				GENERATE_INFOPLIST_FILE = YES;
				INFOPLIST_KEY_UIApplicationSceneManifest_Generation = YES;
				INFOPLIST_KEY_UIApplicationSupportsIndirectInputEvents = YES;
				INFOPLIST_KEY_UILaunchScreen_Generation = YES;
				INFOPLIST_KEY_UISupportedInterfaceOrientations_iPad = "UIInterfaceOrientationPortrait UIInterfaceOrientationPortraitUpsideDown UIInterfaceOrientationLandscapeLeft UIInterfaceOrientationLandscapeRight";
				INFOPLIST_KEY_UISupportedInterfaceOrientations_iPhone = "UIInterfaceOrientationPortrait UIInterfaceOrientationLandscapeLeft UIInterfaceOrientationLandscapeRight";
				IPHONEOS_DEPLOYMENT_TARGET = 18.0;
				LD_RUNPATH_SEARCH_PATHS = (
					"$(inherited)",
					"@executable_path/Frameworks",
				);
				MARKETING_VERSION = 1.0;
				PRODUCT_BUNDLE_IDENTIFIER = binb.idserve.net.challenge4;
				PRODUCT_NAME = "$(TARGET_NAME)";
				SWIFT_EMIT_LOC_STRINGS = YES;
				SWIFT_VERSION = 5.0;
				TARGETED_DEVICE_FAMILY = "1,2";
			};
			name = Debug;
		};
		CC7A024E2E4C26B500E9C6EE /* Release */ = {
			isa = XCBuildConfiguration;
			buildSettings = {
				ASSETCATALOG_COMPILER_APPICON_NAME = AppIcon;
				ASSETCATALOG_COMPILER_GLOBAL_ACCENT_COLOR_NAME = AccentColor;
				CODE_SIGN_STYLE = Automatic;
				CURRENT_PROJECT_VERSION = 1;
				DEVELOPMENT_TEAM = 33J34N23WU;
				ENABLE_PREVIEWS = YES;
				GENERATE_INFOPLIST_FILE = YES;
				INFOPLIST_KEY_UIApplicationSceneManifest_Generation = YES;
				INFOPLIST_KEY_UIApplicationSupportsIndirectInputEvents = YES;
				INFOPLIST_KEY_UILaunchScreen_Generation = YES;
				INFOPLIST_KEY_UISupportedInterfaceOrientations_iPad = "UIInterfaceOrientationPortrait UIInterfaceOrientationPortraitUpsideDown UIInterfaceOrientationLandscapeLeft UIInterfaceOrientationLandscapeRight";
				INFOPLIST_KEY_UISupportedInterfaceOrientations_iPhone = "UIInterfaceOrientationPortrait UIInterfaceOrientationLandscapeLeft UIInterfaceOrientationLandscapeRight";
				IPHONEOS_DEPLOYMENT_TARGET = 18.0;
				LD_RUNPATH_SEARCH_PATHS = (
					"$(inherited)",
					"@executable_path/Frameworks",
				);
				MARKETING_VERSION = 1.0;
				PRODUCT_BUNDLE_IDENTIFIER = binb.idserve.net.challenge4;
				PRODUCT_NAME = "$(TARGET_NAME)";
				SWIFT_EMIT_LOC_STRINGS = YES;
				SWIFT_VERSION = 5.0;
				TARGETED_DEVICE_FAMILY = "1,2";
			};
			name = Release;
		};
		CC7A02502E4C26B500E9C6EE /* Debug */ = {
			isa = XCBuildConfiguration;
			buildSettings = {
				BUNDLE_LOADER = "$(TEST_HOST)";
				CODE_SIGN_STYLE = Automatic;
				CURRENT_PROJECT_VERSION = 1;
				DEVELOPMENT_TEAM = 33J34N23WU;
				GENERATE_INFOPLIST_FILE = YES;
				IPHONEOS_DEPLOYMENT_TARGET = 18.5;
				MARKETING_VERSION = 1.0;
				PRODUCT_BUNDLE_IDENTIFIER = binb.idserve.net.challenge4Tests;
				PRODUCT_NAME = "$(TARGET_NAME)";
				SWIFT_EMIT_LOC_STRINGS = NO;
				SWIFT_VERSION = 5.0;
				TARGETED_DEVICE_FAMILY = "1,2";
				TEST_HOST = "$(BUILT_PRODUCTS_DIR)/challenge4.app/$(BUNDLE_EXECUTABLE_FOLDER_PATH)/challenge4";
			};
			name = Debug;
		};
		CC7A02512E4C26B500E9C6EE /* Release */ = {
			isa = XCBuildConfiguration;
			buildSettings = {
				BUNDLE_LOADER = "$(TEST_HOST)";
				CODE_SIGN_STYLE = Automatic;
				CURRENT_PROJECT_VERSION = 1;
				DEVELOPMENT_TEAM = 33J34N23WU;
				GENERATE_INFOPLIST_FILE = YES;
				IPHONEOS_DEPLOYMENT_TARGET = 18.5;
				MARKETING_VERSION = 1.0;
				PRODUCT_BUNDLE_IDENTIFIER = binb.idserve.net.challenge4Tests;
				PRODUCT_NAME = "$(TARGET_NAME)";
				SWIFT_EMIT_LOC_STRINGS = NO;
				SWIFT_VERSION = 5.0;
				TARGETED_DEVICE_FAMILY = "1,2";
				TEST_HOST = "$(BUILT_PRODUCTS_DIR)/challenge4.app/$(BUNDLE_EXECUTABLE_FOLDER_PATH)/challenge4";
			};
			name = Release;
		};
		CC7A02532E4C26B500E9C6EE /* Debug */ = {
			isa = XCBuildConfiguration;
			buildSettings = {
				CODE_SIGN_STYLE = Automatic;
				CURRENT_PROJECT_VERSION = 1;
				DEVELOPMENT_TEAM = 33J34N23WU;
				GENERATE_INFOPLIST_FILE = YES;
				MARKETING_VERSION = 1.0;
				PRODUCT_BUNDLE_IDENTIFIER = binb.idserve.net.challenge4UITests;
				PRODUCT_NAME = "$(TARGET_NAME)";
				SWIFT_EMIT_LOC_STRINGS = NO;
				SWIFT_VERSION = 5.0;
				TARGETED_DEVICE_FAMILY = "1,2";
				TEST_TARGET_NAME = challenge4;
			};
			name = Debug;
		};
		CC7A02542E4C26B500E9C6EE /* Release */ = {
			isa = XCBuildConfiguration;
			buildSettings = {
				CODE_SIGN_STYLE = Automatic;
				CURRENT_PROJECT_VERSION = 1;
				DEVELOPMENT_TEAM = 33J34N23WU;
				GENERATE_INFOPLIST_FILE = YES;
				MARKETING_VERSION = 1.0;
				PRODUCT_BUNDLE_IDENTIFIER = binb.idserve.net.challenge4UITests;
				PRODUCT_NAME = "$(TARGET_NAME)";
				SWIFT_EMIT_LOC_STRINGS = NO;
				SWIFT_VERSION = 5.0;
				TARGETED_DEVICE_FAMILY = "1,2";
				TEST_TARGET_NAME = challenge4;
			};
			name = Release;
		};
/* End XCBuildConfiguration section */

/* Begin XCConfigurationList section */
		CC7A02242E4C26B300E9C6EE /* Build configuration list for PBXProject "challenge4" */ = {
			isa = XCConfigurationList;
			buildConfigurations = (
				CC7A024A2E4C26B500E9C6EE /* Debug */,
				CC7A024B2E4C26B500E9C6EE /* Release */,
			);
			defaultConfigurationIsVisible = 0;
			defaultConfigurationName = Release;
		};
		CC7A024C2E4C26B500E9C6EE /* Build configuration list for PBXNativeTarget "challenge4" */ = {
			isa = XCConfigurationList;
			buildConfigurations = (
				CC7A024D2E4C26B500E9C6EE /* Debug */,
				CC7A024E2E4C26B500E9C6EE /* Release */,
			);
			defaultConfigurationIsVisible = 0;
			defaultConfigurationName = Release;
		};
		CC7A024F2E4C26B500E9C6EE /* Build configuration list for PBXNativeTarget "challenge4Tests" */ = {
			isa = XCConfigurationList;
			buildConfigurations = (
				CC7A02502E4C26B500E9C6EE /* Debug */,
				CC7A02512E4C26B500E9C6EE /* Release */,
			);
			defaultConfigurationIsVisible = 0;
			defaultConfigurationName = Release;
		};
		CC7A02522E4C26B500E9C6EE /* Build configuration list for PBXNativeTarget "challenge4UITests" */ = {
			isa = XCConfigurationList;
			buildConfigurations = (
				CC7A02532E4C26B500E9C6EE /* Debug */,
				CC7A02542E4C26B500E9C6EE /* Release */,
			);
			defaultConfigurationIsVisible = 0;
			defaultConfigurationName = Release;
		};
/* End XCConfigurationList section */
	};
	rootObject = CC7A02212E4C26B300E9C6EE /* Project object */;
}
